// !$*UTF8*$!
{
	archiveVersion = 1;
	classes = {
	};
	objectVersion = 56;
	objects = {

/* Begin PBXBuildFile section */
		1B17C7382A601808008C6560 /* AppDelegate.swift in Sources */ = {isa = PBXBuildFile; fileRef = 1B17C7372A601808008C6560 /* AppDelegate.swift */; };
		1B17C73A2A601808008C6560 /* SceneDelegate.swift in Sources */ = {isa = PBXBuildFile; fileRef = 1B17C7392A601808008C6560 /* SceneDelegate.swift */; };
		1B17C7412A601809008C6560 /* Assets.xcassets in Resources */ = {isa = PBXBuildFile; fileRef = 1B17C7402A601809008C6560 /* Assets.xcassets */; };
		1B17C7442A601809008C6560 /* LaunchScreen.storyboard in Resources */ = {isa = PBXBuildFile; fileRef = 1B17C7422A601809008C6560 /* LaunchScreen.storyboard */; };
		1B17C74E2A601922008C6560 /* MainTabBarController.swift in Sources */ = {isa = PBXBuildFile; fileRef = 1B17C74D2A601922008C6560 /* MainTabBarController.swift */; };
		1B17C7502A60194D008C6560 /* RefineViewController.swift in Sources */ = {isa = PBXBuildFile; fileRef = 1B17C74F2A60194D008C6560 /* RefineViewController.swift */; };
		1B17C7522A601961008C6560 /* ExploreViewController.swift in Sources */ = {isa = PBXBuildFile; fileRef = 1B17C7512A601961008C6560 /* ExploreViewController.swift */; };
		1B32367F2A65593B00134088 /* AvailabilityTableViewCell.swift in Sources */ = {isa = PBXBuildFile; fileRef = 1B32367E2A65593B00134088 /* AvailabilityTableViewCell.swift */; };
		1B48D7D32A63344300DDFACD /* ExploreCustomTableViewCell.swift in Sources */ = {isa = PBXBuildFile; fileRef = 1B48D7D22A63344300DDFACD /* ExploreCustomTableViewCell.swift */; };
		1B6F2CA72A78EE3500E68B1E /* UIColorExtension.swift in Sources */ = {isa = PBXBuildFile; fileRef = 1B6F2CA62A78EE3500E68B1E /* UIColorExtension.swift */; };
		1B8FA8A52A65CBE6004403BA /* DistanceTableViewCell.swift in Sources */ = {isa = PBXBuildFile; fileRef = 1B8FA8A42A65CBE6004403BA /* DistanceTableViewCell.swift */; };
		1B8FA8A72A65CF90004403BA /* PurposeCell.swift in Sources */ = {isa = PBXBuildFile; fileRef = 1B8FA8A62A65CF90004403BA /* PurposeCell.swift */; };
		1B8FA8A92A65E47A004403BA /* SaveButtonCell.swift in Sources */ = {isa = PBXBuildFile; fileRef = 1B8FA8A82A65E47A004403BA /* SaveButtonCell.swift */; };
		1B8FA8AB2A65EE6D004403BA /* TestViewController.swift in Sources */ = {isa = PBXBuildFile; fileRef = 1B8FA8AA2A65EE6D004403BA /* TestViewController.swift */; };
		1BB347602A657FD400BE79A2 /* StatusTableViewCell.swift in Sources */ = {isa = PBXBuildFile; fileRef = 1BB3475F2A657FD400BE79A2 /* StatusTableViewCell.swift */; };
		1BDA64672A62F24700627AA7 /* DesignableUITextField.swift in Sources */ = {isa = PBXBuildFile; fileRef = 1BDA64662A62F24700627AA7 /* DesignableUITextField.swift */; };
/* End PBXBuildFile section */

/* Begin PBXFileReference section */
		1B17C7342A601808008C6560 /* Netclan-Explorer-and-Refine-UI.app */ = {isa = PBXFileReference; explicitFileType = wrapper.application; includeInIndex = 0; path = "Netclan-Explorer-and-Refine-UI.app"; sourceTree = BUILT_PRODUCTS_DIR; };
		1B17C7372A601808008C6560 /* AppDelegate.swift */ = {isa = PBXFileReference; lastKnownFileType = sourcecode.swift; path = AppDelegate.swift; sourceTree = "<group>"; };
		1B17C7392A601808008C6560 /* SceneDelegate.swift */ = {isa = PBXFileReference; lastKnownFileType = sourcecode.swift; path = SceneDelegate.swift; sourceTree = "<group>"; };
		1B17C7402A601809008C6560 /* Assets.xcassets */ = {isa = PBXFileReference; lastKnownFileType = folder.assetcatalog; path = Assets.xcassets; sourceTree = "<group>"; };
		1B17C7432A601809008C6560 /* Base */ = {isa = PBXFileReference; lastKnownFileType = file.storyboard; name = Base; path = Base.lproj/LaunchScreen.storyboard; sourceTree = "<group>"; };
		1B17C7452A601809008C6560 /* Info.plist */ = {isa = PBXFileReference; lastKnownFileType = text.plist.xml; name = Info.plist; path = "Netclan-Explorer-and-Refine-UI/Resources/Info.plist"; sourceTree = SOURCE_ROOT; };
		1B17C74D2A601922008C6560 /* MainTabBarController.swift */ = {isa = PBXFileReference; lastKnownFileType = sourcecode.swift; path = MainTabBarController.swift; sourceTree = "<group>"; };
		1B17C74F2A60194D008C6560 /* RefineViewController.swift */ = {isa = PBXFileReference; lastKnownFileType = sourcecode.swift; path = RefineViewController.swift; sourceTree = "<group>"; };
		1B17C7512A601961008C6560 /* ExploreViewController.swift */ = {isa = PBXFileReference; lastKnownFileType = sourcecode.swift; path = ExploreViewController.swift; sourceTree = "<group>"; };
		1B32367E2A65593B00134088 /* AvailabilityTableViewCell.swift */ = {isa = PBXFileReference; lastKnownFileType = sourcecode.swift; path = AvailabilityTableViewCell.swift; sourceTree = "<group>"; };
		1B48D7D22A63344300DDFACD /* ExploreCustomTableViewCell.swift */ = {isa = PBXFileReference; lastKnownFileType = sourcecode.swift; path = ExploreCustomTableViewCell.swift; sourceTree = "<group>"; };
		1B6F2CA62A78EE3500E68B1E /* UIColorExtension.swift */ = {isa = PBXFileReference; lastKnownFileType = sourcecode.swift; path = UIColorExtension.swift; sourceTree = "<group>"; };
		1B8FA8A42A65CBE6004403BA /* DistanceTableViewCell.swift */ = {isa = PBXFileReference; lastKnownFileType = sourcecode.swift; path = DistanceTableViewCell.swift; sourceTree = "<group>"; };
		1B8FA8A62A65CF90004403BA /* PurposeCell.swift */ = {isa = PBXFileReference; lastKnownFileType = sourcecode.swift; path = PurposeCell.swift; sourceTree = "<group>"; };
		1B8FA8A82A65E47A004403BA /* SaveButtonCell.swift */ = {isa = PBXFileReference; lastKnownFileType = sourcecode.swift; path = SaveButtonCell.swift; sourceTree = "<group>"; };
		1B8FA8AA2A65EE6D004403BA /* TestViewController.swift */ = {isa = PBXFileReference; lastKnownFileType = sourcecode.swift; path = TestViewController.swift; sourceTree = "<group>"; };
		1BB3475F2A657FD400BE79A2 /* StatusTableViewCell.swift */ = {isa = PBXFileReference; lastKnownFileType = sourcecode.swift; path = StatusTableViewCell.swift; sourceTree = "<group>"; };
		1BDA64662A62F24700627AA7 /* DesignableUITextField.swift */ = {isa = PBXFileReference; lastKnownFileType = sourcecode.swift; path = DesignableUITextField.swift; sourceTree = "<group>"; };
/* End PBXFileReference section */

/* Begin PBXFrameworksBuildPhase section */
		1B17C7312A601808008C6560 /* Frameworks */ = {
			isa = PBXFrameworksBuildPhase;
			buildActionMask = 2147483647;
			files = (
			);
			runOnlyForDeploymentPostprocessing = 0;
		};
/* End PBXFrameworksBuildPhase section */

/* Begin PBXGroup section */
		1B17C72B2A601808008C6560 = {
			isa = PBXGroup;
			children = (
				1B17C7362A601808008C6560 /* Netclan-Explorer-and-Refine-UI */,
				1B17C7352A601808008C6560 /* Products */,
			);
			sourceTree = "<group>";
		};
		1B17C7352A601808008C6560 /* Products */ = {
			isa = PBXGroup;
			children = (
				1B17C7342A601808008C6560 /* Netclan-Explorer-and-Refine-UI.app */,
			);
			name = Products;
			sourceTree = "<group>";
		};
		1B17C7362A601808008C6560 /* Netclan-Explorer-and-Refine-UI */ = {
			isa = PBXGroup;
			children = (
				1B6F2CA52A78EE1C00E68B1E /* Extensions */,
				1B9C912D2A64404200CF4D31 /* App Delegate */,
				1B9C912C2A643FCC00CF4D31 /* Resources */,
				1B9C912B2A643FB900CF4D31 /* Refine */,
				1B9C912A2A643FA600CF4D31 /* Explore */,
				1B17C74D2A601922008C6560 /* MainTabBarController.swift */,
				1B8FA8AA2A65EE6D004403BA /* TestViewController.swift */,
			);
			path = "Netclan-Explorer-and-Refine-UI";
			sourceTree = "<group>";
		};
		1B6F2CA52A78EE1C00E68B1E /* Extensions */ = {
			isa = PBXGroup;
			children = (
				1B6F2CA62A78EE3500E68B1E /* UIColorExtension.swift */,
			);
			path = Extensions;
			sourceTree = "<group>";
		};
		1B9C912A2A643FA600CF4D31 /* Explore */ = {
			isa = PBXGroup;
			children = (
				1B17C7512A601961008C6560 /* ExploreViewController.swift */,
				1BDA64662A62F24700627AA7 /* DesignableUITextField.swift */,
				1B48D7D22A63344300DDFACD /* ExploreCustomTableViewCell.swift */,
			);
			path = Explore;
			sourceTree = "<group>";
		};
		1B9C912B2A643FB900CF4D31 /* Refine */ = {
			isa = PBXGroup;
			children = (
				1B17C74F2A60194D008C6560 /* RefineViewController.swift */,
				1B32367E2A65593B00134088 /* AvailabilityTableViewCell.swift */,
				1BB3475F2A657FD400BE79A2 /* StatusTableViewCell.swift */,
				1B8FA8A42A65CBE6004403BA /* DistanceTableViewCell.swift */,
				1B8FA8A62A65CF90004403BA /* PurposeCell.swift */,
				1B8FA8A82A65E47A004403BA /* SaveButtonCell.swift */,
			);
			path = Refine;
			sourceTree = "<group>";
		};
		1B9C912C2A643FCC00CF4D31 /* Resources */ = {
			isa = PBXGroup;
			children = (
				1B17C7402A601809008C6560 /* Assets.xcassets */,
				1B17C7422A601809008C6560 /* LaunchScreen.storyboard */,
				1B17C7452A601809008C6560 /* Info.plist */,
			);
			path = Resources;
			sourceTree = "<group>";
		};
		1B9C912D2A64404200CF4D31 /* App Delegate */ = {
			isa = PBXGroup;
			children = (
				1B17C7372A601808008C6560 /* AppDelegate.swift */,
				1B17C7392A601808008C6560 /* SceneDelegate.swift */,
			);
			path = "App Delegate";
			sourceTree = "<group>";
		};
/* End PBXGroup section */

/* Begin PBXNativeTarget section */
		1B17C7332A601808008C6560 /* Netclan-Explorer-and-Refine-UI */ = {
			isa = PBXNativeTarget;
			buildConfigurationList = 1B17C7482A601809008C6560 /* Build configuration list for PBXNativeTarget "Netclan-Explorer-and-Refine-UI" */;
			buildPhases = (
				1B17C7302A601808008C6560 /* Sources */,
				1B17C7312A601808008C6560 /* Frameworks */,
				1B17C7322A601808008C6560 /* Resources */,
			);
			buildRules = (
			);
			dependencies = (
			);
			name = "Netclan-Explorer-and-Refine-UI";
			productName = "Netclan-Explorer-and-Refine-UI";
			productReference = 1B17C7342A601808008C6560 /* Netclan-Explorer-and-Refine-UI.app */;
			productType = "com.apple.product-type.application";
		};
/* End PBXNativeTarget section */

/* Begin PBXProject section */
		1B17C72C2A601808008C6560 /* Project object */ = {
			isa = PBXProject;
			attributes = {
				BuildIndependentTargetsInParallel = 1;
				LastSwiftUpdateCheck = 1430;
				LastUpgradeCheck = 1430;
				TargetAttributes = {
					1B17C7332A601808008C6560 = {
						CreatedOnToolsVersion = 14.3;
					};
				};
			};
			buildConfigurationList = 1B17C72F2A601808008C6560 /* Build configuration list for PBXProject "Netclan-Explorer-and-Refine-UI" */;
			compatibilityVersion = "Xcode 14.0";
			developmentRegion = en;
			hasScannedForEncodings = 0;
			knownRegions = (
				en,
				Base,
			);
			mainGroup = 1B17C72B2A601808008C6560;
			productRefGroup = 1B17C7352A601808008C6560 /* Products */;
			projectDirPath = "";
			projectRoot = "";
			targets = (
				1B17C7332A601808008C6560 /* Netclan-Explorer-and-Refine-UI */,
			);
		};
/* End PBXProject section */

/* Begin PBXResourcesBuildPhase section */
		1B17C7322A601808008C6560 /* Resources */ = {
			isa = PBXResourcesBuildPhase;
			buildActionMask = 2147483647;
			files = (
				1B17C7442A601809008C6560 /* LaunchScreen.storyboard in Resources */,
				1B17C7412A601809008C6560 /* Assets.xcassets in Resources */,
			);
			runOnlyForDeploymentPostprocessing = 0;
		};
/* End PBXResourcesBuildPhase section */

/* Begin PBXSourcesBuildPhase section */
		1B17C7302A601808008C6560 /* Sources */ = {
			isa = PBXSourcesBuildPhase;
			buildActionMask = 2147483647;
			files = (
				1BB347602A657FD400BE79A2 /* StatusTableViewCell.swift in Sources */,
				1B6F2CA72A78EE3500E68B1E /* UIColorExtension.swift in Sources */,
				1B32367F2A65593B00134088 /* AvailabilityTableViewCell.swift in Sources */,
				1B8FA8A72A65CF90004403BA /* PurposeCell.swift in Sources */,
				1B8FA8A52A65CBE6004403BA /* DistanceTableViewCell.swift in Sources */,
				1B17C7382A601808008C6560 /* AppDelegate.swift in Sources */,
				1B8FA8AB2A65EE6D004403BA /* TestViewController.swift in Sources */,
				1B17C7522A601961008C6560 /* ExploreViewController.swift in Sources */,
				1B8FA8A92A65E47A004403BA /* SaveButtonCell.swift in Sources */,
				1B17C74E2A601922008C6560 /* MainTabBarController.swift in Sources */,
				1BDA64672A62F24700627AA7 /* DesignableUITextField.swift in Sources */,
				1B17C73A2A601808008C6560 /* SceneDelegate.swift in Sources */,
				1B17C7502A60194D008C6560 /* RefineViewController.swift in Sources */,
				1B48D7D32A63344300DDFACD /* ExploreCustomTableViewCell.swift in Sources */,
			);
			runOnlyForDeploymentPostprocessing = 0;
		};
/* End PBXSourcesBuildPhase section */

/* Begin PBXVariantGroup section */
		1B17C7422A601809008C6560 /* LaunchScreen.storyboard */ = {
			isa = PBXVariantGroup;
			children = (
				1B17C7432A601809008C6560 /* Base */,
			);
			name = LaunchScreen.storyboard;
			sourceTree = "<group>";
		};
/* End PBXVariantGroup section */

/* Begin XCBuildConfiguration section */
		1B17C7462A601809008C6560 /* Debug */ = {
			isa = XCBuildConfiguration;
			buildSettings = {
				ALWAYS_SEARCH_USER_PATHS = NO;
				CLANG_ANALYZER_NONNULL = YES;
				CLANG_ANALYZER_NUMBER_OBJECT_CONVERSION = YES_AGGRESSIVE;
				CLANG_CXX_LANGUAGE_STANDARD = "gnu++20";
				CLANG_ENABLE_MODULES = YES;
				CLANG_ENABLE_OBJC_ARC = YES;
				CLANG_ENABLE_OBJC_WEAK = YES;
				CLANG_WARN_BLOCK_CAPTURE_AUTORELEASING = YES;
				CLANG_WARN_BOOL_CONVERSION = YES;
				CLANG_WARN_COMMA = YES;
				CLANG_WARN_CONSTANT_CONVERSION = YES;
				CLANG_WARN_DEPRECATED_OBJC_IMPLEMENTATIONS = YES;
				CLANG_WARN_DIRECT_OBJC_ISA_USAGE = YES_ERROR;
				CLANG_WARN_DOCUMENTATION_COMMENTS = YES;
				CLANG_WARN_EMPTY_BODY = YES;
				CLANG_WARN_ENUM_CONVERSION = YES;
				CLANG_WARN_INFINITE_RECURSION = YES;
				CLANG_WARN_INT_CONVERSION = YES;
				CLANG_WARN_NON_LITERAL_NULL_CONVERSION = YES;
				CLANG_WARN_OBJC_IMPLICIT_RETAIN_SELF = YES;
				CLANG_WARN_OBJC_LITERAL_CONVERSION = YES;
				CLANG_WARN_OBJC_ROOT_CLASS = YES_ERROR;
				CLANG_WARN_QUOTED_INCLUDE_IN_FRAMEWORK_HEADER = YES;
				CLANG_WARN_RANGE_LOOP_ANALYSIS = YES;
				CLANG_WARN_STRICT_PROTOTYPES = YES;
				CLANG_WARN_SUSPICIOUS_MOVE = YES;
				CLANG_WARN_UNGUARDED_AVAILABILITY = YES_AGGRESSIVE;
				CLANG_WARN_UNREACHABLE_CODE = YES;
				CLANG_WARN__DUPLICATE_METHOD_MATCH = YES;
				COPY_PHASE_STRIP = NO;
				DEBUG_INFORMATION_FORMAT = dwarf;
				ENABLE_STRICT_OBJC_MSGSEND = YES;
				ENABLE_TESTABILITY = YES;
				GCC_C_LANGUAGE_STANDARD = gnu11;
				GCC_DYNAMIC_NO_PIC = NO;
				GCC_NO_COMMON_BLOCKS = YES;
				GCC_OPTIMIZATION_LEVEL = 0;
				GCC_PREPROCESSOR_DEFINITIONS = (
					"DEBUG=1",
					"$(inherited)",
				);
				GCC_WARN_64_TO_32_BIT_CONVERSION = YES;
				GCC_WARN_ABOUT_RETURN_TYPE = YES_ERROR;
				GCC_WARN_UNDECLARED_SELECTOR = YES;
				GCC_WARN_UNINITIALIZED_AUTOS = YES_AGGRESSIVE;
				GCC_WARN_UNUSED_FUNCTION = YES;
				GCC_WARN_UNUSED_VARIABLE = YES;
				IPHONEOS_DEPLOYMENT_TARGET = 16.4;
				MTL_ENABLE_DEBUG_INFO = INCLUDE_SOURCE;
				MTL_FAST_MATH = YES;
				ONLY_ACTIVE_ARCH = YES;
				SDKROOT = iphoneos;
				SWIFT_ACTIVE_COMPILATION_CONDITIONS = DEBUG;
				SWIFT_OPTIMIZATION_LEVEL = "-Onone";
			};
			name = Debug;
		};
		1B17C7472A601809008C6560 /* Release */ = {
			isa = XCBuildConfiguration;
			buildSettings = {
				ALWAYS_SEARCH_USER_PATHS = NO;
				CLANG_ANALYZER_NONNULL = YES;
				CLANG_ANALYZER_NUMBER_OBJECT_CONVERSION = YES_AGGRESSIVE;
				CLANG_CXX_LANGUAGE_STANDARD = "gnu++20";
				CLANG_ENABLE_MODULES = YES;
				CLANG_ENABLE_OBJC_ARC = YES;
				CLANG_ENABLE_OBJC_WEAK = YES;
				CLANG_WARN_BLOCK_CAPTURE_AUTORELEASING = YES;
				CLANG_WARN_BOOL_CONVERSION = YES;
				CLANG_WARN_COMMA = YES;
				CLANG_WARN_CONSTANT_CONVERSION = YES;
				CLANG_WARN_DEPRECATED_OBJC_IMPLEMENTATIONS = YES;
				CLANG_WARN_DIRECT_OBJC_ISA_USAGE = YES_ERROR;
				CLANG_WARN_DOCUMENTATION_COMMENTS = YES;
				CLANG_WARN_EMPTY_BODY = YES;
				CLANG_WARN_ENUM_CONVERSION = YES;
				CLANG_WARN_INFINITE_RECURSION = YES;
				CLANG_WARN_INT_CONVERSION = YES;
				CLANG_WARN_NON_LITERAL_NULL_CONVERSION = YES;
				CLANG_WARN_OBJC_IMPLICIT_RETAIN_SELF = YES;
				CLANG_WARN_OBJC_LITERAL_CONVERSION = YES;
				CLANG_WARN_OBJC_ROOT_CLASS = YES_ERROR;
				CLANG_WARN_QUOTED_INCLUDE_IN_FRAMEWORK_HEADER = YES;
				CLANG_WARN_RANGE_LOOP_ANALYSIS = YES;
				CLANG_WARN_STRICT_PROTOTYPES = YES;
				CLANG_WARN_SUSPICIOUS_MOVE = YES;
				CLANG_WARN_UNGUARDED_AVAILABILITY = YES_AGGRESSIVE;
				CLANG_WARN_UNREACHABLE_CODE = YES;
				CLANG_WARN__DUPLICATE_METHOD_MATCH = YES;
				COPY_PHASE_STRIP = NO;
				DEBUG_INFORMATION_FORMAT = "dwarf-with-dsym";
				ENABLE_NS_ASSERTIONS = NO;
				ENABLE_STRICT_OBJC_MSGSEND = YES;
				GCC_C_LANGUAGE_STANDARD = gnu11;
				GCC_NO_COMMON_BLOCKS = YES;
				GCC_WARN_64_TO_32_BIT_CONVERSION = YES;
				GCC_WARN_ABOUT_RETURN_TYPE = YES_ERROR;
				GCC_WARN_UNDECLARED_SELECTOR = YES;
				GCC_WARN_UNINITIALIZED_AUTOS = YES_AGGRESSIVE;
				GCC_WARN_UNUSED_FUNCTION = YES;
				GCC_WARN_UNUSED_VARIABLE = YES;
				IPHONEOS_DEPLOYMENT_TARGET = 16.4;
				MTL_ENABLE_DEBUG_INFO = NO;
				MTL_FAST_MATH = YES;
				SDKROOT = iphoneos;
				SWIFT_COMPILATION_MODE = wholemodule;
				SWIFT_OPTIMIZATION_LEVEL = "-O";
				VALIDATE_PRODUCT = YES;
			};
			name = Release;
		};
		1B17C7492A601809008C6560 /* Debug */ = {
			isa = XCBuildConfiguration;
			buildSettings = {
				ASSETCATALOG_COMPILER_APPICON_NAME = AppIcon;
				ASSETCATALOG_COMPILER_GLOBAL_ACCENT_COLOR_NAME = AccentColor;
				CODE_SIGN_STYLE = Automatic;
				CURRENT_PROJECT_VERSION = 1;
				GENERATE_INFOPLIST_FILE = YES;
				INFOPLIST_FILE = "Netclan-Explorer-and-Refine-UI/Resources/Info.plist";
				INFOPLIST_KEY_UIApplicationSupportsIndirectInputEvents = YES;
				INFOPLIST_KEY_UILaunchStoryboardName = LaunchScreen;
				INFOPLIST_KEY_UIMainStoryboardFile = "";
				INFOPLIST_KEY_UISupportedInterfaceOrientations_iPad = "UIInterfaceOrientationPortrait UIInterfaceOrientationPortraitUpsideDown UIInterfaceOrientationLandscapeLeft UIInterfaceOrientationLandscapeRight";
				INFOPLIST_KEY_UISupportedInterfaceOrientations_iPhone = "UIInterfaceOrientationPortrait UIInterfaceOrientationLandscapeLeft UIInterfaceOrientationLandscapeRight";
				LD_RUNPATH_SEARCH_PATHS = (
					"$(inherited)",
					"@executable_path/Frameworks",
				);
				MARKETING_VERSION = 1.0;
				PRODUCT_BUNDLE_IDENTIFIER = "com.suraphel.Netclan-Explorer-and-Refine-UI";
				PRODUCT_NAME = "$(TARGET_NAME)";
				SUPPORTED_PLATFORMS = "iphoneos iphonesimulator";
				SUPPORTS_MACCATALYST = NO;
				SUPPORTS_MAC_DESIGNED_FOR_IPHONE_IPAD = NO;
				SWIFT_EMIT_LOC_STRINGS = YES;
				SWIFT_VERSION = 5.0;
				TARGETED_DEVICE_FAMILY = 1;
			};
			name = Debug;
		};
		1B17C74A2A601809008C6560 /* Release */ = {
			isa = XCBuildConfiguration;
			buildSettings = {
				ASSETCATALOG_COMPILER_APPICON_NAME = AppIcon;
				ASSETCATALOG_COMPILER_GLOBAL_ACCENT_COLOR_NAME = AccentColor;
				CODE_SIGN_STYLE = Automatic;
				CURRENT_PROJECT_VERSION = 1;
				GENERATE_INFOPLIST_FILE = YES;
				INFOPLIST_FILE = "Netclan-Explorer-and-Refine-UI/Resources/Info.plist";
				INFOPLIST_KEY_UIApplicationSupportsIndirectInputEvents = YES;
				INFOPLIST_KEY_UILaunchStoryboardName = LaunchScreen;
				INFOPLIST_KEY_UISupportedInterfaceOrientations_iPad = "UIInterfaceOrientationPortrait UIInterfaceOrientationPortraitUpsideDown UIInterfaceOrientationLandscapeLeft UIInterfaceOrientationLandscapeRight";
				INFOPLIST_KEY_UISupportedInterfaceOrientations_iPhone = "UIInterfaceOrientationPortrait UIInterfaceOrientationLandscapeLeft UIInterfaceOrientationLandscapeRight";
				LD_RUNPATH_SEARCH_PATHS = (
					"$(inherited)",
					"@executable_path/Frameworks",
				);
				MARKETING_VERSION = 1.0;
				PRODUCT_BUNDLE_IDENTIFIER = "com.suraphel.Netclan-Explorer-and-Refine-UI";
				PRODUCT_NAME = "$(TARGET_NAME)";
				SUPPORTED_PLATFORMS = "iphoneos iphonesimulator";
				SUPPORTS_MACCATALYST = NO;
				SUPPORTS_MAC_DESIGNED_FOR_IPHONE_IPAD = NO;
				SWIFT_EMIT_LOC_STRINGS = YES;
				SWIFT_VERSION = 5.0;
				TARGETED_DEVICE_FAMILY = 1;
			};
			name = Release;
		};
/* End XCBuildConfiguration section */

/* Begin XCConfigurationList section */
		1B17C72F2A601808008C6560 /* Build configuration list for PBXProject "Netclan-Explorer-and-Refine-UI" */ = {
			isa = XCConfigurationList;
			buildConfigurations = (
				1B17C7462A601809008C6560 /* Debug */,
				1B17C7472A601809008C6560 /* Release */,
			);
			defaultConfigurationIsVisible = 0;
			defaultConfigurationName = Release;
		};
		1B17C7482A601809008C6560 /* Build configuration list for PBXNativeTarget "Netclan-Explorer-and-Refine-UI" */ = {
			isa = XCConfigurationList;
			buildConfigurations = (
				1B17C7492A601809008C6560 /* Debug */,
				1B17C74A2A601809008C6560 /* Release */,
			);
			defaultConfigurationIsVisible = 0;
			defaultConfigurationName = Release;
		};
/* End XCConfigurationList section */
	};
	rootObject = 1B17C72C2A601808008C6560 /* Project object */;
}
